{
  "name": "ecustomemailvalidator",
  "version": "1.0.1",
  "lockfileVersion": 3,
  "requires": true,
  "packages": {
    "": {
      "name": "ecustomemailvalidator",
      "version": "1.0.1",
      "license": "ISC",
      "dependencies": {
        "ecustomemailvalidator": "^1.0.1"
      }
    },
    "node_modules/ecustomemailvalidator": {
      "version": "1.0.1",
      "resolved": "https://registry.npmjs.org/ecustomemailvalidator/-/ecustomemailvalidator-1.0.1.tgz",
      "integrity": "sha512-TVDHftl0NAJirSwU2x8u7Z2In9qbUUT+JeHuaKGVWIB8XGRSlJgSuvmqccBhWFyr1oKOK4Z+TxNWNbMATUx9qw==",
      "license": "ISC"
    }
  }
}
